
Microsoft Visual Studio Solution File, Format Version 12.00
# Visual Studio 15
VisualStudioVersion = 15.0.28307.572
MinimumVisualStudioVersion = 10.0.40219.1
Project("{F184B08F-C81C-45F6-A57F-5ABD9991F28F}") = "DataSetDataReaderDataAdapterDataViewExamples", "DataSetDataReaderDataAdapterDataViewExamples\DataSetDataReaderDataAdapterDataViewExamples.vbproj", "{99A68EE9-F96F-44B6-BDC1-37CFAAD07BAD}"
EndProject
Global
	GlobalSection(SolutionConfigurationPlatforms) = preSolution
		Debug|Any CPU = Debug|Any CPU
		Release|Any CPU = Release|Any CPU
	EndGlobalSection
	GlobalSection(ProjectConfigurationPlatforms) = postSolution
		{99A68EE9-F96F-44B6-BDC1-37CFAAD07BAD}.Debug|Any CPU.ActiveCfg = Debug|Any CPU
		{99A68EE9-F96F-44B6-BDC1-37CFAAD07BAD}.Debug|Any CPU.Build.0 = Debug|Any CPU
		{99A68EE9-F96F-44B6-BDC1-37CFAAD07BAD}.Release|Any CPU.ActiveCfg = Release|Any CPU
		{99A68EE9-F96F-44B6-BDC1-37CFAAD07BAD}.Release|Any CPU.Build.0 = Release|Any CPU
	EndGlobalSection
	GlobalSection(SolutionProperties) = preSolution
		HideSolutionNode = FALSE
	EndGlobalSection
	GlobalSection(ExtensibilityGlobals) = postSolution
		SolutionGuid = {285AAC2F-0B4D-4CAB-844D-1E89ECFF94E7}
	EndGlobalSection
EndGlobal
